# THIS IS AN AUTOGENERATED FILE. DO NOT EDIT THIS FILE DIRECTLY.
# yarn lockfile v1


"@types/aws-lambda@^8.10.75":
  version "8.10.89"
  resolved "https://registry.yarnpkg.com/@types/aws-lambda/-/aws-lambda-8.10.89.tgz#22617ecc1eef9571abebb50c947553362da6051b"
  integrity sha512-jwtSuEZj4rY4R2pAEOXi+RutS8RWbwMzoGlRVukdyOpnfqA/XPkAf8QoGWmg4o/UaNpQ8Mj0Xhkp5SZ1t/Zq4Q==

tips@0.0.1-1:
  version "0.0.1-1"
  resolved "https://registry.yarnpkg.com/tips/-/tips-0.0.1-1.tgz#3a098fc0c169a4523d5512367099ecc7459f5fb1"
  integrity sha1-OgmPwMFppFI9VRI2cJnsx0WfX7E=
